// !$*UTF8*$!
{
	archiveVersion = 1;
	classes = {
	};
	objectVersion = 46;
	objects = {

/* Begin PBXBuildFile section */
		354DB4FC1CB7EA8400B9194B /* AppDelegate.swift in Sources */ = {isa = PBXBuildFile; fileRef = 354DB4FB1CB7EA8400B9194B /* AppDelegate.swift */; };
		354DB4FE1CB7EA8400B9194B /* ViewController.swift in Sources */ = {isa = PBXBuildFile; fileRef = 354DB4FD1CB7EA8400B9194B /* ViewController.swift */; };
		354DB5011CB7EA8400B9194B /* Main.storyboard in Resources */ = {isa = PBXBuildFile; fileRef = 354DB4FF1CB7EA8400B9194B /* Main.storyboard */; };
		354DB5041CB7EA8400B9194B /* mEatUp.xcdatamodeld in Sources */ = {isa = PBXBuildFile; fileRef = 354DB5021CB7EA8400B9194B /* mEatUp.xcdatamodeld */; };
		354DB5061CB7EA8400B9194B /* Assets.xcassets in Resources */ = {isa = PBXBuildFile; fileRef = 354DB5051CB7EA8400B9194B /* Assets.xcassets */; };
		354DB5091CB7EA8400B9194B /* LaunchScreen.storyboard in Resources */ = {isa = PBXBuildFile; fileRef = 354DB5071CB7EA8400B9194B /* LaunchScreen.storyboard */; };
		354DB5141CB7EA8400B9194B /* mEatUpTests.swift in Sources */ = {isa = PBXBuildFile; fileRef = 354DB5131CB7EA8400B9194B /* mEatUpTests.swift */; };
		BA7255411CBC39090039AF1C /* RoomProperties.swift in Sources */ = {isa = PBXBuildFile; fileRef = BA7255401CBC39090039AF1C /* RoomProperties.swift */; };
		BA7255431CBC39130039AF1C /* RestaurantProperties.swift in Sources */ = {isa = PBXBuildFile; fileRef = BA7255421CBC39130039AF1C /* RestaurantProperties.swift */; };
		BA7255451CBC391C0039AF1C /* UserProperties.swift in Sources */ = {isa = PBXBuildFile; fileRef = BA7255441CBC391C0039AF1C /* UserProperties.swift */; };
		BA7255471CBC39270039AF1C /* UserInRoomProperties.swift in Sources */ = {isa = PBXBuildFile; fileRef = BA7255461CBC39270039AF1C /* UserInRoomProperties.swift */; };
		E136F7141CBBA37D00BB4473 /* CloudKit.framework in Frameworks */ = {isa = PBXBuildFile; fileRef = E136F7131CBBA37D00BB4473 /* CloudKit.framework */; };
		E136F7171CBBA41500BB4473 /* CloudKitHelper.swift in Sources */ = {isa = PBXBuildFile; fileRef = E136F7161CBBA41500BB4473 /* CloudKitHelper.swift */; };
		E136F7191CBBA4E700BB4473 /* Room.swift in Sources */ = {isa = PBXBuildFile; fileRef = E136F7181CBBA4E700BB4473 /* Room.swift */; };
		E136F71C1CBBA52500BB4473 /* AccessType.swift in Sources */ = {isa = PBXBuildFile; fileRef = E136F71B1CBBA52500BB4473 /* AccessType.swift */; };
		E136F71E1CBBA57B00BB4473 /* Restaurant.swift in Sources */ = {isa = PBXBuildFile; fileRef = E136F71D1CBBA57B00BB4473 /* Restaurant.swift */; };
		E136F7201CBBA5CA00BB4473 /* User.swift in Sources */ = {isa = PBXBuildFile; fileRef = E136F71F1CBBA5CA00BB4473 /* User.swift */; };
		E136F7221CBBA7F300BB4473 /* UserInRoom.swift in Sources */ = {isa = PBXBuildFile; fileRef = E136F7211CBBA7F300BB4473 /* UserInRoom.swift */; };
		E136F7241CBBA81700BB4473 /* ConfirmationStatus.swift in Sources */ = {isa = PBXBuildFile; fileRef = E136F7231CBBA81700BB4473 /* ConfirmationStatus.swift */; };
		E136F7261CBBE68A00BB4473 /* CloudKitObject.swift in Sources */ = {isa = PBXBuildFile; fileRef = E136F7251CBBE68A00BB4473 /* CloudKitObject.swift */; };
/* End PBXBuildFile section */

/* Begin PBXContainerItemProxy section */
		354DB5101CB7EA8400B9194B /* PBXContainerItemProxy */ = {
			isa = PBXContainerItemProxy;
			containerPortal = 354DB4F01CB7EA8400B9194B /* Project object */;
			proxyType = 1;
			remoteGlobalIDString = 354DB4F71CB7EA8400B9194B;
			remoteInfo = mEatUp;
		};
/* End PBXContainerItemProxy section */

/* Begin PBXFileReference section */
		354DB4F81CB7EA8400B9194B /* mEatUp.app */ = {isa = PBXFileReference; explicitFileType = wrapper.application; includeInIndex = 0; path = mEatUp.app; sourceTree = BUILT_PRODUCTS_DIR; };
		354DB4FB1CB7EA8400B9194B /* AppDelegate.swift */ = {isa = PBXFileReference; lastKnownFileType = sourcecode.swift; path = AppDelegate.swift; sourceTree = "<group>"; };
		354DB4FD1CB7EA8400B9194B /* ViewController.swift */ = {isa = PBXFileReference; lastKnownFileType = sourcecode.swift; path = ViewController.swift; sourceTree = "<group>"; };
		354DB5001CB7EA8400B9194B /* Base */ = {isa = PBXFileReference; lastKnownFileType = file.storyboard; name = Base; path = Base.lproj/Main.storyboard; sourceTree = "<group>"; };
		354DB5031CB7EA8400B9194B /* mEatUp.xcdatamodel */ = {isa = PBXFileReference; lastKnownFileType = wrapper.xcdatamodel; path = mEatUp.xcdatamodel; sourceTree = "<group>"; };
		354DB5051CB7EA8400B9194B /* Assets.xcassets */ = {isa = PBXFileReference; lastKnownFileType = folder.assetcatalog; path = Assets.xcassets; sourceTree = "<group>"; };
		354DB5081CB7EA8400B9194B /* Base */ = {isa = PBXFileReference; lastKnownFileType = file.storyboard; name = Base; path = Base.lproj/LaunchScreen.storyboard; sourceTree = "<group>"; };
		354DB50A1CB7EA8400B9194B /* Info.plist */ = {isa = PBXFileReference; lastKnownFileType = text.plist.xml; path = Info.plist; sourceTree = "<group>"; };
		354DB50F1CB7EA8400B9194B /* mEatUpTests.xctest */ = {isa = PBXFileReference; explicitFileType = wrapper.cfbundle; includeInIndex = 0; path = mEatUpTests.xctest; sourceTree = BUILT_PRODUCTS_DIR; };
		354DB5131CB7EA8400B9194B /* mEatUpTests.swift */ = {isa = PBXFileReference; lastKnownFileType = sourcecode.swift; path = mEatUpTests.swift; sourceTree = "<group>"; };
		354DB5151CB7EA8400B9194B /* Info.plist */ = {isa = PBXFileReference; lastKnownFileType = text.plist.xml; path = Info.plist; sourceTree = "<group>"; };
		BA7255401CBC39090039AF1C /* RoomProperties.swift */ = {isa = PBXFileReference; fileEncoding = 4; lastKnownFileType = sourcecode.swift; path = RoomProperties.swift; sourceTree = "<group>"; };
		BA7255421CBC39130039AF1C /* RestaurantProperties.swift */ = {isa = PBXFileReference; fileEncoding = 4; lastKnownFileType = sourcecode.swift; path = RestaurantProperties.swift; sourceTree = "<group>"; };
		BA7255441CBC391C0039AF1C /* UserProperties.swift */ = {isa = PBXFileReference; fileEncoding = 4; lastKnownFileType = sourcecode.swift; path = UserProperties.swift; sourceTree = "<group>"; };
		BA7255461CBC39270039AF1C /* UserInRoomProperties.swift */ = {isa = PBXFileReference; fileEncoding = 4; lastKnownFileType = sourcecode.swift; path = UserInRoomProperties.swift; sourceTree = "<group>"; };
		E136F7121CBBA35B00BB4473 /* mEatUp.entitlements */ = {isa = PBXFileReference; lastKnownFileType = text.xml; path = mEatUp.entitlements; sourceTree = "<group>"; };
		E136F7131CBBA37D00BB4473 /* CloudKit.framework */ = {isa = PBXFileReference; lastKnownFileType = wrapper.framework; name = CloudKit.framework; path = System/Library/Frameworks/CloudKit.framework; sourceTree = SDKROOT; };
		E136F7161CBBA41500BB4473 /* CloudKitHelper.swift */ = {isa = PBXFileReference; fileEncoding = 4; lastKnownFileType = sourcecode.swift; path = CloudKitHelper.swift; sourceTree = "<group>"; };
		E136F7181CBBA4E700BB4473 /* Room.swift */ = {isa = PBXFileReference; fileEncoding = 4; lastKnownFileType = sourcecode.swift; path = Room.swift; sourceTree = "<group>"; };
		E136F71B1CBBA52500BB4473 /* AccessType.swift */ = {isa = PBXFileReference; fileEncoding = 4; lastKnownFileType = sourcecode.swift; path = AccessType.swift; sourceTree = "<group>"; };
		E136F71D1CBBA57B00BB4473 /* Restaurant.swift */ = {isa = PBXFileReference; fileEncoding = 4; lastKnownFileType = sourcecode.swift; path = Restaurant.swift; sourceTree = "<group>"; };
		E136F71F1CBBA5CA00BB4473 /* User.swift */ = {isa = PBXFileReference; fileEncoding = 4; lastKnownFileType = sourcecode.swift; path = User.swift; sourceTree = "<group>"; };
		E136F7211CBBA7F300BB4473 /* UserInRoom.swift */ = {isa = PBXFileReference; fileEncoding = 4; lastKnownFileType = sourcecode.swift; path = UserInRoom.swift; sourceTree = "<group>"; };
		E136F7231CBBA81700BB4473 /* ConfirmationStatus.swift */ = {isa = PBXFileReference; fileEncoding = 4; lastKnownFileType = sourcecode.swift; path = ConfirmationStatus.swift; sourceTree = "<group>"; };
		E136F7251CBBE68A00BB4473 /* CloudKitObject.swift */ = {isa = PBXFileReference; fileEncoding = 4; lastKnownFileType = sourcecode.swift; path = CloudKitObject.swift; sourceTree = "<group>"; };
/* End PBXFileReference section */

/* Begin PBXFrameworksBuildPhase section */
		354DB4F51CB7EA8400B9194B /* Frameworks */ = {
			isa = PBXFrameworksBuildPhase;
			buildActionMask = 2147483647;
			files = (
				E136F7141CBBA37D00BB4473 /* CloudKit.framework in Frameworks */,
			);
			runOnlyForDeploymentPostprocessing = 0;
		};
		354DB50C1CB7EA8400B9194B /* Frameworks */ = {
			isa = PBXFrameworksBuildPhase;
			buildActionMask = 2147483647;
			files = (
			);
			runOnlyForDeploymentPostprocessing = 0;
		};
/* End PBXFrameworksBuildPhase section */

/* Begin PBXGroup section */
		354DB4EF1CB7EA8400B9194B = {
			isa = PBXGroup;
			children = (
				E136F7131CBBA37D00BB4473 /* CloudKit.framework */,
				354DB4FA1CB7EA8400B9194B /* mEatUp */,
				354DB5121CB7EA8400B9194B /* mEatUpTests */,
				354DB4F91CB7EA8400B9194B /* Products */,
			);
			sourceTree = "<group>";
		};
		354DB4F91CB7EA8400B9194B /* Products */ = {
			isa = PBXGroup;
			children = (
				354DB4F81CB7EA8400B9194B /* mEatUp.app */,
				354DB50F1CB7EA8400B9194B /* mEatUpTests.xctest */,
			);
			name = Products;
			sourceTree = "<group>";
		};
		354DB4FA1CB7EA8400B9194B /* mEatUp */ = {
			isa = PBXGroup;
			children = (
				E136F7121CBBA35B00BB4473 /* mEatUp.entitlements */,
				E136F71A1CBBA51000BB4473 /* SupportClasses */,
				E136F7151CBBA40300BB4473 /* CloudKitClasses */,
				354DB4FB1CB7EA8400B9194B /* AppDelegate.swift */,
				354DB4FD1CB7EA8400B9194B /* ViewController.swift */,
				354DB4FF1CB7EA8400B9194B /* Main.storyboard */,
				354DB5051CB7EA8400B9194B /* Assets.xcassets */,
				354DB5071CB7EA8400B9194B /* LaunchScreen.storyboard */,
				354DB50A1CB7EA8400B9194B /* Info.plist */,
				354DB5021CB7EA8400B9194B /* mEatUp.xcdatamodeld */,
			);
			path = mEatUp;
			sourceTree = "<group>";
		};
		354DB5121CB7EA8400B9194B /* mEatUpTests */ = {
			isa = PBXGroup;
			children = (
				354DB5131CB7EA8400B9194B /* mEatUpTests.swift */,
				354DB5151CB7EA8400B9194B /* Info.plist */,
			);
			path = mEatUpTests;
			sourceTree = "<group>";
		};
		BA72553E1CBC38CA0039AF1C /* Enumerators */ = {
			isa = PBXGroup;
			children = (
				E136F7231CBBA81700BB4473 /* ConfirmationStatus.swift */,
				E136F71B1CBBA52500BB4473 /* AccessType.swift */,
				BA7255401CBC39090039AF1C /* RoomProperties.swift */,
				BA7255421CBC39130039AF1C /* RestaurantProperties.swift */,
				BA7255441CBC391C0039AF1C /* UserProperties.swift */,
				BA7255461CBC39270039AF1C /* UserInRoomProperties.swift */,
			);
			name = Enumerators;
			sourceTree = "<group>";
		};
		BA72553F1CBC38D50039AF1C /* Protocols */ = {
			isa = PBXGroup;
			children = (
				E136F7251CBBE68A00BB4473 /* CloudKitObject.swift */,
			);
			name = Protocols;
			sourceTree = "<group>";
		};
		E136F7151CBBA40300BB4473 /* CloudKitClasses */ = {
			isa = PBXGroup;
			children = (
				E136F7161CBBA41500BB4473 /* CloudKitHelper.swift */,
				E136F7181CBBA4E700BB4473 /* Room.swift */,
				E136F71D1CBBA57B00BB4473 /* Restaurant.swift */,
				E136F71F1CBBA5CA00BB4473 /* User.swift */,
				E136F7211CBBA7F300BB4473 /* UserInRoom.swift */,
			);
			name = CloudKitClasses;
			sourceTree = "<group>";
		};
		E136F71A1CBBA51000BB4473 /* SupportClasses */ = {
			isa = PBXGroup;
			children = (
				BA72553F1CBC38D50039AF1C /* Protocols */,
				BA72553E1CBC38CA0039AF1C /* Enumerators */,
			);
			name = SupportClasses;
			sourceTree = "<group>";
		};
/* End PBXGroup section */

/* Begin PBXNativeTarget section */
		354DB4F71CB7EA8400B9194B /* mEatUp */ = {
			isa = PBXNativeTarget;
			buildConfigurationList = 354DB5181CB7EA8400B9194B /* Build configuration list for PBXNativeTarget "mEatUp" */;
			buildPhases = (
				354DB4F41CB7EA8400B9194B /* Sources */,
				354DB4F51CB7EA8400B9194B /* Frameworks */,
				354DB4F61CB7EA8400B9194B /* Resources */,
			);
			buildRules = (
			);
			dependencies = (
			);
			name = mEatUp;
			productName = mEatUp;
			productReference = 354DB4F81CB7EA8400B9194B /* mEatUp.app */;
			productType = "com.apple.product-type.application";
		};
		354DB50E1CB7EA8400B9194B /* mEatUpTests */ = {
			isa = PBXNativeTarget;
			buildConfigurationList = 354DB51B1CB7EA8400B9194B /* Build configuration list for PBXNativeTarget "mEatUpTests" */;
			buildPhases = (
				354DB50B1CB7EA8400B9194B /* Sources */,
				354DB50C1CB7EA8400B9194B /* Frameworks */,
				354DB50D1CB7EA8400B9194B /* Resources */,
			);
			buildRules = (
			);
			dependencies = (
				354DB5111CB7EA8400B9194B /* PBXTargetDependency */,
			);
			name = mEatUpTests;
			productName = mEatUpTests;
			productReference = 354DB50F1CB7EA8400B9194B /* mEatUpTests.xctest */;
			productType = "com.apple.product-type.bundle.unit-test";
		};
/* End PBXNativeTarget section */

/* Begin PBXProject section */
		354DB4F01CB7EA8400B9194B /* Project object */ = {
			isa = PBXProject;
			attributes = {
				LastSwiftUpdateCheck = 0730;
				LastUpgradeCheck = 0730;
				ORGANIZATIONNAME = BLStream;
				TargetAttributes = {
					354DB4F71CB7EA8400B9194B = {
						CreatedOnToolsVersion = 7.3;
						DevelopmentTeam = XTRY58ZV6V;
						SystemCapabilities = {
							com.apple.iCloud = {
								enabled = 1;
							};
						};
					};
					354DB50E1CB7EA8400B9194B = {
						CreatedOnToolsVersion = 7.3;
						TestTargetID = 354DB4F71CB7EA8400B9194B;
					};
				};
			};
			buildConfigurationList = 354DB4F31CB7EA8400B9194B /* Build configuration list for PBXProject "mEatUp" */;
			compatibilityVersion = "Xcode 3.2";
			developmentRegion = English;
			hasScannedForEncodings = 0;
			knownRegions = (
				en,
				Base,
			);
			mainGroup = 354DB4EF1CB7EA8400B9194B;
			productRefGroup = 354DB4F91CB7EA8400B9194B /* Products */;
			projectDirPath = "";
			projectRoot = "";
			targets = (
				354DB4F71CB7EA8400B9194B /* mEatUp */,
				354DB50E1CB7EA8400B9194B /* mEatUpTests */,
			);
		};
/* End PBXProject section */

/* Begin PBXResourcesBuildPhase section */
		354DB4F61CB7EA8400B9194B /* Resources */ = {
			isa = PBXResourcesBuildPhase;
			buildActionMask = 2147483647;
			files = (
				354DB5091CB7EA8400B9194B /* LaunchScreen.storyboard in Resources */,
				354DB5061CB7EA8400B9194B /* Assets.xcassets in Resources */,
				354DB5011CB7EA8400B9194B /* Main.storyboard in Resources */,
			);
			runOnlyForDeploymentPostprocessing = 0;
		};
		354DB50D1CB7EA8400B9194B /* Resources */ = {
			isa = PBXResourcesBuildPhase;
			buildActionMask = 2147483647;
			files = (
			);
			runOnlyForDeploymentPostprocessing = 0;
		};
/* End PBXResourcesBuildPhase section */

/* Begin PBXSourcesBuildPhase section */
		354DB4F41CB7EA8400B9194B /* Sources */ = {
			isa = PBXSourcesBuildPhase;
			buildActionMask = 2147483647;
			files = (
				354DB5041CB7EA8400B9194B /* mEatUp.xcdatamodeld in Sources */,
				BA7255451CBC391C0039AF1C /* UserProperties.swift in Sources */,
				354DB4FE1CB7EA8400B9194B /* ViewController.swift in Sources */,
				E136F7241CBBA81700BB4473 /* ConfirmationStatus.swift in Sources */,
				E136F7171CBBA41500BB4473 /* CloudKitHelper.swift in Sources */,
				E136F71E1CBBA57B00BB4473 /* Restaurant.swift in Sources */,
				BA7255471CBC39270039AF1C /* UserInRoomProperties.swift in Sources */,
				BA7255431CBC39130039AF1C /* RestaurantProperties.swift in Sources */,
				E136F7221CBBA7F300BB4473 /* UserInRoom.swift in Sources */,
				E136F7201CBBA5CA00BB4473 /* User.swift in Sources */,
				BA7255411CBC39090039AF1C /* RoomProperties.swift in Sources */,
				354DB4FC1CB7EA8400B9194B /* AppDelegate.swift in Sources */,
				E136F7191CBBA4E700BB4473 /* Room.swift in Sources */,
				E136F7261CBBE68A00BB4473 /* CloudKitObject.swift in Sources */,
				E136F71C1CBBA52500BB4473 /* AccessType.swift in Sources */,
			);
			runOnlyForDeploymentPostprocessing = 0;
		};
		354DB50B1CB7EA8400B9194B /* Sources */ = {
			isa = PBXSourcesBuildPhase;
			buildActionMask = 2147483647;
			files = (
				354DB5141CB7EA8400B9194B /* mEatUpTests.swift in Sources */,
			);
			runOnlyForDeploymentPostprocessing = 0;
		};
/* End PBXSourcesBuildPhase section */

/* Begin PBXTargetDependency section */
		354DB5111CB7EA8400B9194B /* PBXTargetDependency */ = {
			isa = PBXTargetDependency;
			target = 354DB4F71CB7EA8400B9194B /* mEatUp */;
			targetProxy = 354DB5101CB7EA8400B9194B /* PBXContainerItemProxy */;
		};
/* End PBXTargetDependency section */

/* Begin PBXVariantGroup section */
		354DB4FF1CB7EA8400B9194B /* Main.storyboard */ = {
			isa = PBXVariantGroup;
			children = (
				354DB5001CB7EA8400B9194B /* Base */,
			);
			name = Main.storyboard;
			sourceTree = "<group>";
		};
		354DB5071CB7EA8400B9194B /* LaunchScreen.storyboard */ = {
			isa = PBXVariantGroup;
			children = (
				354DB5081CB7EA8400B9194B /* Base */,
			);
			name = LaunchScreen.storyboard;
			sourceTree = "<group>";
		};
/* End PBXVariantGroup section */

/* Begin XCBuildConfiguration section */
		354DB5161CB7EA8400B9194B /* Debug */ = {
			isa = XCBuildConfiguration;
			buildSettings = {
				ALWAYS_SEARCH_USER_PATHS = NO;
				CLANG_ANALYZER_NONNULL = YES;
				CLANG_CXX_LANGUAGE_STANDARD = "gnu++0x";
				CLANG_CXX_LIBRARY = "libc++";
				CLANG_ENABLE_MODULES = YES;
				CLANG_ENABLE_OBJC_ARC = YES;
				CLANG_WARN_BOOL_CONVERSION = YES;
				CLANG_WARN_CONSTANT_CONVERSION = YES;
				CLANG_WARN_DIRECT_OBJC_ISA_USAGE = YES_ERROR;
				CLANG_WARN_EMPTY_BODY = YES;
				CLANG_WARN_ENUM_CONVERSION = YES;
				CLANG_WARN_INT_CONVERSION = YES;
				CLANG_WARN_OBJC_ROOT_CLASS = YES_ERROR;
				CLANG_WARN_UNREACHABLE_CODE = YES;
				CLANG_WARN__DUPLICATE_METHOD_MATCH = YES;
				"CODE_SIGN_IDENTITY[sdk=iphoneos*]" = "iPhone Developer";
				COPY_PHASE_STRIP = NO;
				DEBUG_INFORMATION_FORMAT = dwarf;
				ENABLE_STRICT_OBJC_MSGSEND = YES;
				ENABLE_TESTABILITY = YES;
				GCC_C_LANGUAGE_STANDARD = gnu99;
				GCC_DYNAMIC_NO_PIC = NO;
				GCC_NO_COMMON_BLOCKS = YES;
				GCC_OPTIMIZATION_LEVEL = 0;
				GCC_PREPROCESSOR_DEFINITIONS = (
					"DEBUG=1",
					"$(inherited)",
				);
				GCC_WARN_64_TO_32_BIT_CONVERSION = YES;
				GCC_WARN_ABOUT_RETURN_TYPE = YES_ERROR;
				GCC_WARN_UNDECLARED_SELECTOR = YES;
				GCC_WARN_UNINITIALIZED_AUTOS = YES_AGGRESSIVE;
				GCC_WARN_UNUSED_FUNCTION = YES;
				GCC_WARN_UNUSED_VARIABLE = YES;
				IPHONEOS_DEPLOYMENT_TARGET = 9.3;
				MTL_ENABLE_DEBUG_INFO = YES;
				ONLY_ACTIVE_ARCH = YES;
				SDKROOT = iphoneos;
				SWIFT_OPTIMIZATION_LEVEL = "-Onone";
				TARGETED_DEVICE_FAMILY = "1,2";
			};
			name = Debug;
		};
		354DB5171CB7EA8400B9194B /* Release */ = {
			isa = XCBuildConfiguration;
			buildSettings = {
				ALWAYS_SEARCH_USER_PATHS = NO;
				CLANG_ANALYZER_NONNULL = YES;
				CLANG_CXX_LANGUAGE_STANDARD = "gnu++0x";
				CLANG_CXX_LIBRARY = "libc++";
				CLANG_ENABLE_MODULES = YES;
				CLANG_ENABLE_OBJC_ARC = YES;
				CLANG_WARN_BOOL_CONVERSION = YES;
				CLANG_WARN_CONSTANT_CONVERSION = YES;
				CLANG_WARN_DIRECT_OBJC_ISA_USAGE = YES_ERROR;
				CLANG_WARN_EMPTY_BODY = YES;
				CLANG_WARN_ENUM_CONVERSION = YES;
				CLANG_WARN_INT_CONVERSION = YES;
				CLANG_WARN_OBJC_ROOT_CLASS = YES_ERROR;
				CLANG_WARN_UNREACHABLE_CODE = YES;
				CLANG_WARN__DUPLICATE_METHOD_MATCH = YES;
				"CODE_SIGN_IDENTITY[sdk=iphoneos*]" = "iPhone Developer";
				COPY_PHASE_STRIP = NO;
				DEBUG_INFORMATION_FORMAT = "dwarf-with-dsym";
				ENABLE_NS_ASSERTIONS = NO;
				ENABLE_STRICT_OBJC_MSGSEND = YES;
				GCC_C_LANGUAGE_STANDARD = gnu99;
				GCC_NO_COMMON_BLOCKS = YES;
				GCC_WARN_64_TO_32_BIT_CONVERSION = YES;
				GCC_WARN_ABOUT_RETURN_TYPE = YES_ERROR;
				GCC_WARN_UNDECLARED_SELECTOR = YES;
				GCC_WARN_UNINITIALIZED_AUTOS = YES_AGGRESSIVE;
				GCC_WARN_UNUSED_FUNCTION = YES;
				GCC_WARN_UNUSED_VARIABLE = YES;
				IPHONEOS_DEPLOYMENT_TARGET = 9.3;
				MTL_ENABLE_DEBUG_INFO = NO;
				SDKROOT = iphoneos;
				TARGETED_DEVICE_FAMILY = "1,2";
				VALIDATE_PRODUCT = YES;
			};
			name = Release;
		};
		354DB5191CB7EA8400B9194B /* Debug */ = {
			isa = XCBuildConfiguration;
			buildSettings = {
				ASSETCATALOG_COMPILER_APPICON_NAME = AppIcon;
				CODE_SIGN_ENTITLEMENTS = mEatUp/mEatUp.entitlements;
				CODE_SIGN_IDENTITY = "iPhone Developer";
				"CODE_SIGN_IDENTITY[sdk=iphoneos*]" = "iPhone Developer";
				INFOPLIST_FILE = mEatUp/Info.plist;
				LD_RUNPATH_SEARCH_PATHS = "$(inherited) @executable_path/Frameworks";
				PRODUCT_BUNDLE_IDENTIFIER = com.blstream.mEatUp;
				PRODUCT_NAME = "$(TARGET_NAME)";
				PROVISIONING_PROFILE = "";
			};
			name = Debug;
		};
		354DB51A1CB7EA8400B9194B /* Release */ = {
			isa = XCBuildConfiguration;
			buildSettings = {
				ASSETCATALOG_COMPILER_APPICON_NAME = AppIcon;
				CODE_SIGN_ENTITLEMENTS = mEatUp/mEatUp.entitlements;
				CODE_SIGN_IDENTITY = "iPhone Developer";
				"CODE_SIGN_IDENTITY[sdk=iphoneos*]" = "iPhone Developer";
				INFOPLIST_FILE = mEatUp/Info.plist;
				LD_RUNPATH_SEARCH_PATHS = "$(inherited) @executable_path/Frameworks";
				PRODUCT_BUNDLE_IDENTIFIER = com.blstream.mEatUp;
				PRODUCT_NAME = "$(TARGET_NAME)";
				PROVISIONING_PROFILE = "";
			};
			name = Release;
		};
		354DB51C1CB7EA8400B9194B /* Debug */ = {
			isa = XCBuildConfiguration;
			buildSettings = {
				BUNDLE_LOADER = "$(TEST_HOST)";
				INFOPLIST_FILE = mEatUpTests/Info.plist;
				LD_RUNPATH_SEARCH_PATHS = "$(inherited) @executable_path/Frameworks @loader_path/Frameworks";
				PRODUCT_BUNDLE_IDENTIFIER = com.blstream.mEatUpTests;
				PRODUCT_NAME = "$(TARGET_NAME)";
				TEST_HOST = "$(BUILT_PRODUCTS_DIR)/mEatUp.app/mEatUp";
			};
			name = Debug;
		};
		354DB51D1CB7EA8400B9194B /* Release */ = {
			isa = XCBuildConfiguration;
			buildSettings = {
				BUNDLE_LOADER = "$(TEST_HOST)";
				INFOPLIST_FILE = mEatUpTests/Info.plist;
				LD_RUNPATH_SEARCH_PATHS = "$(inherited) @executable_path/Frameworks @loader_path/Frameworks";
				PRODUCT_BUNDLE_IDENTIFIER = com.blstream.mEatUpTests;
				PRODUCT_NAME = "$(TARGET_NAME)";
				TEST_HOST = "$(BUILT_PRODUCTS_DIR)/mEatUp.app/mEatUp";
			};
			name = Release;
		};
/* End XCBuildConfiguration section */

/* Begin XCConfigurationList section */
		354DB4F31CB7EA8400B9194B /* Build configuration list for PBXProject "mEatUp" */ = {
			isa = XCConfigurationList;
			buildConfigurations = (
				354DB5161CB7EA8400B9194B /* Debug */,
				354DB5171CB7EA8400B9194B /* Release */,
			);
			defaultConfigurationIsVisible = 0;
			defaultConfigurationName = Release;
		};
		354DB5181CB7EA8400B9194B /* Build configuration list for PBXNativeTarget "mEatUp" */ = {
			isa = XCConfigurationList;
			buildConfigurations = (
				354DB5191CB7EA8400B9194B /* Debug */,
				354DB51A1CB7EA8400B9194B /* Release */,
			);
			defaultConfigurationIsVisible = 0;
			defaultConfigurationName = Release;
		};
		354DB51B1CB7EA8400B9194B /* Build configuration list for PBXNativeTarget "mEatUpTests" */ = {
			isa = XCConfigurationList;
			buildConfigurations = (
				354DB51C1CB7EA8400B9194B /* Debug */,
				354DB51D1CB7EA8400B9194B /* Release */,
			);
			defaultConfigurationIsVisible = 0;
			defaultConfigurationName = Release;
		};
/* End XCConfigurationList section */

/* Begin XCVersionGroup section */
		354DB5021CB7EA8400B9194B /* mEatUp.xcdatamodeld */ = {
			isa = XCVersionGroup;
			children = (
				354DB5031CB7EA8400B9194B /* mEatUp.xcdatamodel */,
			);
			currentVersion = 354DB5031CB7EA8400B9194B /* mEatUp.xcdatamodel */;
			path = mEatUp.xcdatamodeld;
			sourceTree = "<group>";
			versionGroupType = wrapper.xcdatamodel;
		};
/* End XCVersionGroup section */
	};
	rootObject = 354DB4F01CB7EA8400B9194B /* Project object */;
}
