// !$*UTF8*$!
{
	archiveVersion = 1;
	classes = {
	};
	objectVersion = 46;
	objects = {

/* Begin PBXBuildFile section */
		3508E26C1CBFB55F0094394D /* FinishedRoom+CoreDataProperties.swift in Sources */ = {isa = PBXBuildFile; fileRef = 3508E2681CBFB55F0094394D /* FinishedRoom+CoreDataProperties.swift */; };
		3508E26D1CBFB55F0094394D /* FinishedRoom.swift in Sources */ = {isa = PBXBuildFile; fileRef = 3508E2691CBFB55F0094394D /* FinishedRoom.swift */; };
		3508E26E1CBFB55F0094394D /* Participant+CoreDataProperties.swift in Sources */ = {isa = PBXBuildFile; fileRef = 3508E26A1CBFB55F0094394D /* Participant+CoreDataProperties.swift */; };
		3508E26F1CBFB55F0094394D /* Participant.swift in Sources */ = {isa = PBXBuildFile; fileRef = 3508E26B1CBFB55F0094394D /* Participant.swift */; };
		3508E2711CBFB5BA0094394D /* CoreDataController.swift in Sources */ = {isa = PBXBuildFile; fileRef = 3508E2701CBFB5BA0094394D /* CoreDataController.swift */; };
		3508E2741CBFCB370094394D /* FinishedRoomCell.swift in Sources */ = {isa = PBXBuildFile; fileRef = 3508E2731CBFCB370094394D /* FinishedRoomCell.swift */; };
		353E53181CBE4D8400FE42F5 /* UserSettings.swift in Sources */ = {isa = PBXBuildFile; fileRef = 353E53171CBE4D8400FE42F5 /* UserSettings.swift */; };
		353E531A1CBE67E600FE42F5 /* SettlementViewController.swift in Sources */ = {isa = PBXBuildFile; fileRef = 353E53191CBE67E600FE42F5 /* SettlementViewController.swift */; };
		354DB4FC1CB7EA8400B9194B /* AppDelegate.swift in Sources */ = {isa = PBXBuildFile; fileRef = 354DB4FB1CB7EA8400B9194B /* AppDelegate.swift */; };
		354DB4FE1CB7EA8400B9194B /* LoginViewController.swift in Sources */ = {isa = PBXBuildFile; fileRef = 354DB4FD1CB7EA8400B9194B /* LoginViewController.swift */; };
		354DB5011CB7EA8400B9194B /* Main.storyboard in Resources */ = {isa = PBXBuildFile; fileRef = 354DB4FF1CB7EA8400B9194B /* Main.storyboard */; };
		354DB5041CB7EA8400B9194B /* mEatUp.xcdatamodeld in Sources */ = {isa = PBXBuildFile; fileRef = 354DB5021CB7EA8400B9194B /* mEatUp.xcdatamodeld */; };
		354DB5061CB7EA8400B9194B /* Assets.xcassets in Resources */ = {isa = PBXBuildFile; fileRef = 354DB5051CB7EA8400B9194B /* Assets.xcassets */; };
		354DB5091CB7EA8400B9194B /* LaunchScreen.storyboard in Resources */ = {isa = PBXBuildFile; fileRef = 354DB5071CB7EA8400B9194B /* LaunchScreen.storyboard */; };
		354DB5141CB7EA8400B9194B /* mEatUpTests.swift in Sources */ = {isa = PBXBuildFile; fileRef = 354DB5131CB7EA8400B9194B /* mEatUpTests.swift */; };
		355301FA1CBCF3E200F23373 /* RoomListViewController.swift in Sources */ = {isa = PBXBuildFile; fileRef = 355301F91CBCF3E200F23373 /* RoomListViewController.swift */; };
		355301FC1CBCF4CA00F23373 /* SettlementListViewController.swift in Sources */ = {isa = PBXBuildFile; fileRef = 355301FB1CBCF4CA00F23373 /* SettlementListViewController.swift */; };
		356275CA1CBBAC1D009B8122 /* FBSDKCoreKit.framework in Frameworks */ = {isa = PBXBuildFile; fileRef = 356275C91CBBAC1D009B8122 /* FBSDKCoreKit.framework */; };
		356275CC1CBBB492009B8122 /* FBSDKLoginKit.framework in Frameworks */ = {isa = PBXBuildFile; fileRef = 356275CB1CBBB492009B8122 /* FBSDKLoginKit.framework */; };
		356275CE1CBBB497009B8122 /* FBSDKShareKit.framework in Frameworks */ = {isa = PBXBuildFile; fileRef = 356275CD1CBBB497009B8122 /* FBSDKShareKit.framework */; };
		356EEB601CC0FD27001E23A9 /* ParticipantDebtCell.swift in Sources */ = {isa = PBXBuildFile; fileRef = 356EEB5F1CC0FD27001E23A9 /* ParticipantDebtCell.swift */; };
		357498CE1CC647710052C790 /* UIImageView+Meatup.swift in Sources */ = {isa = PBXBuildFile; fileRef = 357498CD1CC647710052C790 /* UIImageView+Meatup.swift */; };
		357498D01CC64B610052C790 /* BalanceIndicator.swift in Sources */ = {isa = PBXBuildFile; fileRef = 357498CF1CC64B610052C790 /* BalanceIndicator.swift */; };
		35CA40731CC7866200B117FB /* FinishedRoomListDataLoader.swift in Sources */ = {isa = PBXBuildFile; fileRef = 35CA40721CC7866200B117FB /* FinishedRoomListDataLoader.swift */; };
		C7184B721CCA2B830074BA99 /* UISearchController+Meatup.swift in Sources */ = {isa = PBXBuildFile; fileRef = C7184B711CCA2B830074BA99 /* UISearchController+Meatup.swift */; };
		C74476BF1CC8DA880062AC81 /* RestaurantListViewController.swift in Sources */ = {isa = PBXBuildFile; fileRef = C74476BE1CC8DA880062AC81 /* RestaurantListViewController.swift */; };
		C74476C11CC906FE0062AC81 /* RestaurantTableViewCell.swift in Sources */ = {isa = PBXBuildFile; fileRef = C74476C01CC906FE0062AC81 /* RestaurantTableViewCell.swift */; };
		C74476C31CC914000062AC81 /* RestaurantViewController.swift in Sources */ = {isa = PBXBuildFile; fileRef = C74476C21CC914000062AC81 /* RestaurantViewController.swift */; };
		C745470A1CBFB8900055E9A3 /* MeatupDatePicker.swift in Sources */ = {isa = PBXBuildFile; fileRef = C74547091CBFB8900055E9A3 /* MeatupDatePicker.swift */; };
		C772E1161CC637C400194C5C /* RoomParticipantTableViewCell.swift in Sources */ = {isa = PBXBuildFile; fileRef = C772E1151CC637C400194C5C /* RoomParticipantTableViewCell.swift */; };
		C7C5493F1CBD4CE30054A91E /* OscillatingRoomInfoView.swift in Sources */ = {isa = PBXBuildFile; fileRef = C7C5493E1CBD4CE30054A91E /* OscillatingRoomInfoView.swift */; };
		C7CD52BF1CBE771C00A8CB8B /* RoomDetailsViewController.swift in Sources */ = {isa = PBXBuildFile; fileRef = C7CD52BE1CBE771C00A8CB8B /* RoomDetailsViewController.swift */; };
		C7CD52C11CBE98C800A8CB8B /* MeatupTextField.swift in Sources */ = {isa = PBXBuildFile; fileRef = C7CD52C01CBE98C800A8CB8B /* MeatupTextField.swift */; };
		C7E38C071CBE32F200B79690 /* OscillatingRoomInfoView.xib in Resources */ = {isa = PBXBuildFile; fileRef = C7E38C061CBE32F200B79690 /* OscillatingRoomInfoView.xib */; };
		C7F6B7B51CBD19E600E12B16 /* RoomViewController.swift in Sources */ = {isa = PBXBuildFile; fileRef = C7F6B7B41CBD19E600E12B16 /* RoomViewController.swift */; };
		C7F88DB71CC53115007A6038 /* NSDateFormatter+Meatup.swift in Sources */ = {isa = PBXBuildFile; fileRef = C7F88DB61CC53115007A6038 /* NSDateFormatter+Meatup.swift */; };
		E100270E1CBD1C410071D45C /* RoomListCell.swift in Sources */ = {isa = PBXBuildFile; fileRef = E100270D1CBD1C410071D45C /* RoomListCell.swift */; };
		E10027141CBE48EF0071D45C /* CloudKit.framework in Frameworks */ = {isa = PBXBuildFile; fileRef = E10027131CBE48EF0071D45C /* CloudKit.framework */; };
		E11E40481CD22BDD004137B1 /* Array+FindIndex.swift in Sources */ = {isa = PBXBuildFile; fileRef = E11E40471CD22BDD004137B1 /* Array+FindIndex.swift */; };
		E121F3631CCA374700860871 /* RoomViewDataLoader.swift in Sources */ = {isa = PBXBuildFile; fileRef = E121F3621CCA374700860871 /* RoomViewDataLoader.swift */; };
		E12352271CCF677C009F84F8 /* Subscriptions.swift in Sources */ = {isa = PBXBuildFile; fileRef = E12352261CCF677C009F84F8 /* Subscriptions.swift */; };
		E12D3A1F1CC8C0FF0072EC41 /* RoomViewPurpose.swift in Sources */ = {isa = PBXBuildFile; fileRef = E12D3A1E1CC8C0FF0072EC41 /* RoomViewPurpose.swift */; };
		E134A87D1CC8C96C0014F251 /* RoomViewActions.swift in Sources */ = {isa = PBXBuildFile; fileRef = E134A87C1CC8C96C0014F251 /* RoomViewActions.swift */; };
		E17687D01CC6410D00B5F115 /* RoomDetailsPurpose.swift in Sources */ = {isa = PBXBuildFile; fileRef = E17687CF1CC6410D00B5F115 /* RoomDetailsPurpose.swift */; };
		E18D191C1CD9FCA400763DB0 /* UserWithStatus.swift in Sources */ = {isa = PBXBuildFile; fileRef = E18D191B1CD9FCA400763DB0 /* UserWithStatus.swift */; };
		E1D4FE131CCE169400C88541 /* NSDate+CompareDates.swift in Sources */ = {isa = PBXBuildFile; fileRef = E1D4FE121CCE169400C88541 /* NSDate+CompareDates.swift */; };
		E1D814C51CC4F4CF00F5A538 /* RoomListDataLoader.swift in Sources */ = {isa = PBXBuildFile; fileRef = E1D814C41CC4F4CF00F5A538 /* RoomListDataLoader.swift */; };
		E1F1177A1CC62B7F00B36F84 /* RoomDataScopes.swift in Sources */ = {isa = PBXBuildFile; fileRef = E1F117791CC62B7F00B36F84 /* RoomDataScopes.swift */; };
		E1FB87CB1CBCE96300273E4E /* CloudKitObject.swift in Sources */ = {isa = PBXBuildFile; fileRef = E1FB87CA1CBCE96300273E4E /* CloudKitObject.swift */; };
		E1FB87CE1CBCE97000273E4E /* AccessType.swift in Sources */ = {isa = PBXBuildFile; fileRef = E1FB87CC1CBCE97000273E4E /* AccessType.swift */; };
		E1FB87CF1CBCE97000273E4E /* ConfirmationStatus.swift in Sources */ = {isa = PBXBuildFile; fileRef = E1FB87CD1CBCE97000273E4E /* ConfirmationStatus.swift */; };
		E1FB87D11CBCE97600273E4E /* CloudKitHelper.swift in Sources */ = {isa = PBXBuildFile; fileRef = E1FB87D01CBCE97600273E4E /* CloudKitHelper.swift */; };
		E1FB87D61CBCE98C00273E4E /* Restaurant.swift in Sources */ = {isa = PBXBuildFile; fileRef = E1FB87D21CBCE98C00273E4E /* Restaurant.swift */; };
		E1FB87D71CBCE98C00273E4E /* Room.swift in Sources */ = {isa = PBXBuildFile; fileRef = E1FB87D31CBCE98C00273E4E /* Room.swift */; };
		E1FB87D81CBCE98C00273E4E /* User.swift in Sources */ = {isa = PBXBuildFile; fileRef = E1FB87D41CBCE98C00273E4E /* User.swift */; };
		E1FB87D91CBCE98C00273E4E /* UserInRoom.swift in Sources */ = {isa = PBXBuildFile; fileRef = E1FB87D51CBCE98C00273E4E /* UserInRoom.swift */; };
		E1FB87DE1CBCE99B00273E4E /* RestaurantProperties.swift in Sources */ = {isa = PBXBuildFile; fileRef = E1FB87DA1CBCE99B00273E4E /* RestaurantProperties.swift */; };
		E1FB87DF1CBCE99B00273E4E /* RoomProperties.swift in Sources */ = {isa = PBXBuildFile; fileRef = E1FB87DB1CBCE99B00273E4E /* RoomProperties.swift */; };
		E1FB87E01CBCE99B00273E4E /* UserInRoomProperties.swift in Sources */ = {isa = PBXBuildFile; fileRef = E1FB87DC1CBCE99B00273E4E /* UserInRoomProperties.swift */; };
		E1FB87E11CBCE99B00273E4E /* UserProperties.swift in Sources */ = {isa = PBXBuildFile; fileRef = E1FB87DD1CBCE99B00273E4E /* UserProperties.swift */; };
/* End PBXBuildFile section */

/* Begin PBXContainerItemProxy section */
		354DB5101CB7EA8400B9194B /* PBXContainerItemProxy */ = {
			isa = PBXContainerItemProxy;
			containerPortal = 354DB4F01CB7EA8400B9194B /* Project object */;
			proxyType = 1;
			remoteGlobalIDString = 354DB4F71CB7EA8400B9194B;
			remoteInfo = mEatUp;
		};
/* End PBXContainerItemProxy section */

/* Begin PBXFileReference section */
		3508E2681CBFB55F0094394D /* FinishedRoom+CoreDataProperties.swift */ = {isa = PBXFileReference; fileEncoding = 4; lastKnownFileType = sourcecode.swift; path = "FinishedRoom+CoreDataProperties.swift"; sourceTree = "<group>"; };
		3508E2691CBFB55F0094394D /* FinishedRoom.swift */ = {isa = PBXFileReference; fileEncoding = 4; lastKnownFileType = sourcecode.swift; path = FinishedRoom.swift; sourceTree = "<group>"; };
		3508E26A1CBFB55F0094394D /* Participant+CoreDataProperties.swift */ = {isa = PBXFileReference; fileEncoding = 4; lastKnownFileType = sourcecode.swift; path = "Participant+CoreDataProperties.swift"; sourceTree = "<group>"; };
		3508E26B1CBFB55F0094394D /* Participant.swift */ = {isa = PBXFileReference; fileEncoding = 4; lastKnownFileType = sourcecode.swift; path = Participant.swift; sourceTree = "<group>"; };
		3508E2701CBFB5BA0094394D /* CoreDataController.swift */ = {isa = PBXFileReference; fileEncoding = 4; lastKnownFileType = sourcecode.swift; path = CoreDataController.swift; sourceTree = "<group>"; };
		3508E2731CBFCB370094394D /* FinishedRoomCell.swift */ = {isa = PBXFileReference; fileEncoding = 4; lastKnownFileType = sourcecode.swift; path = FinishedRoomCell.swift; sourceTree = "<group>"; };
		353E53171CBE4D8400FE42F5 /* UserSettings.swift */ = {isa = PBXFileReference; fileEncoding = 4; lastKnownFileType = sourcecode.swift; path = UserSettings.swift; sourceTree = "<group>"; };
		353E53191CBE67E600FE42F5 /* SettlementViewController.swift */ = {isa = PBXFileReference; fileEncoding = 4; lastKnownFileType = sourcecode.swift; path = SettlementViewController.swift; sourceTree = "<group>"; };
		354DB4F81CB7EA8400B9194B /* mEatUp.app */ = {isa = PBXFileReference; explicitFileType = wrapper.application; includeInIndex = 0; path = mEatUp.app; sourceTree = BUILT_PRODUCTS_DIR; };
		354DB4FB1CB7EA8400B9194B /* AppDelegate.swift */ = {isa = PBXFileReference; lastKnownFileType = sourcecode.swift; path = AppDelegate.swift; sourceTree = "<group>"; };
		354DB4FD1CB7EA8400B9194B /* LoginViewController.swift */ = {isa = PBXFileReference; lastKnownFileType = sourcecode.swift; path = LoginViewController.swift; sourceTree = "<group>"; };
		354DB5001CB7EA8400B9194B /* Base */ = {isa = PBXFileReference; lastKnownFileType = file.storyboard; name = Base; path = Base.lproj/Main.storyboard; sourceTree = "<group>"; };
		354DB5031CB7EA8400B9194B /* mEatUp.xcdatamodel */ = {isa = PBXFileReference; lastKnownFileType = wrapper.xcdatamodel; path = mEatUp.xcdatamodel; sourceTree = "<group>"; };
		354DB5051CB7EA8400B9194B /* Assets.xcassets */ = {isa = PBXFileReference; lastKnownFileType = folder.assetcatalog; path = Assets.xcassets; sourceTree = "<group>"; };
		354DB5081CB7EA8400B9194B /* Base */ = {isa = PBXFileReference; lastKnownFileType = file.storyboard; name = Base; path = Base.lproj/LaunchScreen.storyboard; sourceTree = "<group>"; };
		354DB50A1CB7EA8400B9194B /* Info.plist */ = {isa = PBXFileReference; lastKnownFileType = text.plist.xml; path = Info.plist; sourceTree = "<group>"; };
		354DB50F1CB7EA8400B9194B /* mEatUpTests.xctest */ = {isa = PBXFileReference; explicitFileType = wrapper.cfbundle; includeInIndex = 0; path = mEatUpTests.xctest; sourceTree = BUILT_PRODUCTS_DIR; };
		354DB5131CB7EA8400B9194B /* mEatUpTests.swift */ = {isa = PBXFileReference; lastKnownFileType = sourcecode.swift; path = mEatUpTests.swift; sourceTree = "<group>"; };
		354DB5151CB7EA8400B9194B /* Info.plist */ = {isa = PBXFileReference; lastKnownFileType = text.plist.xml; path = Info.plist; sourceTree = "<group>"; };
		355301F91CBCF3E200F23373 /* RoomListViewController.swift */ = {isa = PBXFileReference; fileEncoding = 4; lastKnownFileType = sourcecode.swift; path = RoomListViewController.swift; sourceTree = "<group>"; };
		355301FB1CBCF4CA00F23373 /* SettlementListViewController.swift */ = {isa = PBXFileReference; fileEncoding = 4; lastKnownFileType = sourcecode.swift; path = SettlementListViewController.swift; sourceTree = "<group>"; };
		356275C91CBBAC1D009B8122 /* FBSDKCoreKit.framework */ = {isa = PBXFileReference; lastKnownFileType = wrapper.framework; path = FBSDKCoreKit.framework; sourceTree = "<group>"; };
		356275CB1CBBB492009B8122 /* FBSDKLoginKit.framework */ = {isa = PBXFileReference; lastKnownFileType = wrapper.framework; path = FBSDKLoginKit.framework; sourceTree = "<group>"; };
		356275CD1CBBB497009B8122 /* FBSDKShareKit.framework */ = {isa = PBXFileReference; lastKnownFileType = wrapper.framework; path = FBSDKShareKit.framework; sourceTree = "<group>"; };
		356EEB5F1CC0FD27001E23A9 /* ParticipantDebtCell.swift */ = {isa = PBXFileReference; fileEncoding = 4; lastKnownFileType = sourcecode.swift; path = ParticipantDebtCell.swift; sourceTree = "<group>"; };
		357498CD1CC647710052C790 /* UIImageView+Meatup.swift */ = {isa = PBXFileReference; fileEncoding = 4; lastKnownFileType = sourcecode.swift; path = "UIImageView+Meatup.swift"; sourceTree = "<group>"; };
		357498CF1CC64B610052C790 /* BalanceIndicator.swift */ = {isa = PBXFileReference; fileEncoding = 4; lastKnownFileType = sourcecode.swift; path = BalanceIndicator.swift; sourceTree = "<group>"; };
		35CA40721CC7866200B117FB /* FinishedRoomListDataLoader.swift */ = {isa = PBXFileReference; fileEncoding = 4; lastKnownFileType = sourcecode.swift; path = FinishedRoomListDataLoader.swift; sourceTree = "<group>"; };
		C7184B711CCA2B830074BA99 /* UISearchController+Meatup.swift */ = {isa = PBXFileReference; fileEncoding = 4; lastKnownFileType = sourcecode.swift; path = "UISearchController+Meatup.swift"; sourceTree = "<group>"; };
		C74476BE1CC8DA880062AC81 /* RestaurantListViewController.swift */ = {isa = PBXFileReference; fileEncoding = 4; lastKnownFileType = sourcecode.swift; path = RestaurantListViewController.swift; sourceTree = "<group>"; };
		C74476C01CC906FE0062AC81 /* RestaurantTableViewCell.swift */ = {isa = PBXFileReference; fileEncoding = 4; lastKnownFileType = sourcecode.swift; path = RestaurantTableViewCell.swift; sourceTree = "<group>"; };
		C74476C21CC914000062AC81 /* RestaurantViewController.swift */ = {isa = PBXFileReference; fileEncoding = 4; lastKnownFileType = sourcecode.swift; path = RestaurantViewController.swift; sourceTree = "<group>"; };
		C74547091CBFB8900055E9A3 /* MeatupDatePicker.swift */ = {isa = PBXFileReference; fileEncoding = 4; lastKnownFileType = sourcecode.swift; path = MeatupDatePicker.swift; sourceTree = "<group>"; };
		C772E1151CC637C400194C5C /* RoomParticipantTableViewCell.swift */ = {isa = PBXFileReference; fileEncoding = 4; lastKnownFileType = sourcecode.swift; path = RoomParticipantTableViewCell.swift; sourceTree = "<group>"; };
		C7C5493E1CBD4CE30054A91E /* OscillatingRoomInfoView.swift */ = {isa = PBXFileReference; fileEncoding = 4; lastKnownFileType = sourcecode.swift; path = OscillatingRoomInfoView.swift; sourceTree = "<group>"; };
		C7CD52BE1CBE771C00A8CB8B /* RoomDetailsViewController.swift */ = {isa = PBXFileReference; fileEncoding = 4; lastKnownFileType = sourcecode.swift; path = RoomDetailsViewController.swift; sourceTree = "<group>"; };
		C7CD52C01CBE98C800A8CB8B /* MeatupTextField.swift */ = {isa = PBXFileReference; fileEncoding = 4; lastKnownFileType = sourcecode.swift; path = MeatupTextField.swift; sourceTree = "<group>"; };
		C7E38C061CBE32F200B79690 /* OscillatingRoomInfoView.xib */ = {isa = PBXFileReference; fileEncoding = 4; lastKnownFileType = file.xib; path = OscillatingRoomInfoView.xib; sourceTree = "<group>"; };
		C7F6B7B41CBD19E600E12B16 /* RoomViewController.swift */ = {isa = PBXFileReference; fileEncoding = 4; lastKnownFileType = sourcecode.swift; path = RoomViewController.swift; sourceTree = "<group>"; };
		C7F88DB61CC53115007A6038 /* NSDateFormatter+Meatup.swift */ = {isa = PBXFileReference; fileEncoding = 4; lastKnownFileType = sourcecode.swift; path = "NSDateFormatter+Meatup.swift"; sourceTree = "<group>"; };
		E100270D1CBD1C410071D45C /* RoomListCell.swift */ = {isa = PBXFileReference; fileEncoding = 4; lastKnownFileType = sourcecode.swift; path = RoomListCell.swift; sourceTree = "<group>"; };
		E10027131CBE48EF0071D45C /* CloudKit.framework */ = {isa = PBXFileReference; lastKnownFileType = wrapper.framework; name = CloudKit.framework; path = System/Library/Frameworks/CloudKit.framework; sourceTree = SDKROOT; };
		E11E40471CD22BDD004137B1 /* Array+FindIndex.swift */ = {isa = PBXFileReference; fileEncoding = 4; lastKnownFileType = sourcecode.swift; path = "Array+FindIndex.swift"; sourceTree = "<group>"; };
		E121F3621CCA374700860871 /* RoomViewDataLoader.swift */ = {isa = PBXFileReference; fileEncoding = 4; lastKnownFileType = sourcecode.swift; path = RoomViewDataLoader.swift; sourceTree = "<group>"; };
		E12352261CCF677C009F84F8 /* Subscriptions.swift */ = {isa = PBXFileReference; fileEncoding = 4; lastKnownFileType = sourcecode.swift; path = Subscriptions.swift; sourceTree = "<group>"; };
		E12D3A1E1CC8C0FF0072EC41 /* RoomViewPurpose.swift */ = {isa = PBXFileReference; fileEncoding = 4; lastKnownFileType = sourcecode.swift; path = RoomViewPurpose.swift; sourceTree = "<group>"; };
		E134A87C1CC8C96C0014F251 /* RoomViewActions.swift */ = {isa = PBXFileReference; fileEncoding = 4; lastKnownFileType = sourcecode.swift; path = RoomViewActions.swift; sourceTree = "<group>"; };
		E17687CF1CC6410D00B5F115 /* RoomDetailsPurpose.swift */ = {isa = PBXFileReference; fileEncoding = 4; lastKnownFileType = sourcecode.swift; path = RoomDetailsPurpose.swift; sourceTree = "<group>"; };
		E18D191B1CD9FCA400763DB0 /* UserWithStatus.swift */ = {isa = PBXFileReference; fileEncoding = 4; lastKnownFileType = sourcecode.swift; path = UserWithStatus.swift; sourceTree = "<group>"; };
		E1D4FE121CCE169400C88541 /* NSDate+CompareDates.swift */ = {isa = PBXFileReference; fileEncoding = 4; lastKnownFileType = sourcecode.swift; path = "NSDate+CompareDates.swift"; sourceTree = "<group>"; };
		E1D814C41CC4F4CF00F5A538 /* RoomListDataLoader.swift */ = {isa = PBXFileReference; fileEncoding = 4; lastKnownFileType = sourcecode.swift; path = RoomListDataLoader.swift; sourceTree = "<group>"; };
		E1F117791CC62B7F00B36F84 /* RoomDataScopes.swift */ = {isa = PBXFileReference; fileEncoding = 4; lastKnownFileType = sourcecode.swift; path = RoomDataScopes.swift; sourceTree = "<group>"; };
		E1FB87C31CBCE8BB00273E4E /* mEatUp.entitlements */ = {isa = PBXFileReference; lastKnownFileType = text.xml; path = mEatUp.entitlements; sourceTree = "<group>"; };
		E1FB87CA1CBCE96300273E4E /* CloudKitObject.swift */ = {isa = PBXFileReference; fileEncoding = 4; lastKnownFileType = sourcecode.swift; path = CloudKitObject.swift; sourceTree = "<group>"; };
		E1FB87CC1CBCE97000273E4E /* AccessType.swift */ = {isa = PBXFileReference; fileEncoding = 4; lastKnownFileType = sourcecode.swift; path = AccessType.swift; sourceTree = "<group>"; };
		E1FB87CD1CBCE97000273E4E /* ConfirmationStatus.swift */ = {isa = PBXFileReference; fileEncoding = 4; lastKnownFileType = sourcecode.swift; path = ConfirmationStatus.swift; sourceTree = "<group>"; };
		E1FB87D01CBCE97600273E4E /* CloudKitHelper.swift */ = {isa = PBXFileReference; fileEncoding = 4; lastKnownFileType = sourcecode.swift; path = CloudKitHelper.swift; sourceTree = "<group>"; };
		E1FB87D21CBCE98C00273E4E /* Restaurant.swift */ = {isa = PBXFileReference; fileEncoding = 4; lastKnownFileType = sourcecode.swift; path = Restaurant.swift; sourceTree = "<group>"; };
		E1FB87D31CBCE98C00273E4E /* Room.swift */ = {isa = PBXFileReference; fileEncoding = 4; lastKnownFileType = sourcecode.swift; path = Room.swift; sourceTree = "<group>"; };
		E1FB87D41CBCE98C00273E4E /* User.swift */ = {isa = PBXFileReference; fileEncoding = 4; lastKnownFileType = sourcecode.swift; path = User.swift; sourceTree = "<group>"; };
		E1FB87D51CBCE98C00273E4E /* UserInRoom.swift */ = {isa = PBXFileReference; fileEncoding = 4; lastKnownFileType = sourcecode.swift; path = UserInRoom.swift; sourceTree = "<group>"; };
		E1FB87DA1CBCE99B00273E4E /* RestaurantProperties.swift */ = {isa = PBXFileReference; fileEncoding = 4; lastKnownFileType = sourcecode.swift; path = RestaurantProperties.swift; sourceTree = "<group>"; };
		E1FB87DB1CBCE99B00273E4E /* RoomProperties.swift */ = {isa = PBXFileReference; fileEncoding = 4; lastKnownFileType = sourcecode.swift; path = RoomProperties.swift; sourceTree = "<group>"; };
		E1FB87DC1CBCE99B00273E4E /* UserInRoomProperties.swift */ = {isa = PBXFileReference; fileEncoding = 4; lastKnownFileType = sourcecode.swift; path = UserInRoomProperties.swift; sourceTree = "<group>"; };
		E1FB87DD1CBCE99B00273E4E /* UserProperties.swift */ = {isa = PBXFileReference; fileEncoding = 4; lastKnownFileType = sourcecode.swift; path = UserProperties.swift; sourceTree = "<group>"; };
/* End PBXFileReference section */

/* Begin PBXFrameworksBuildPhase section */
		354DB4F51CB7EA8400B9194B /* Frameworks */ = {
			isa = PBXFrameworksBuildPhase;
			buildActionMask = 2147483647;
			files = (
				356275CC1CBBB492009B8122 /* FBSDKLoginKit.framework in Frameworks */,
				E10027141CBE48EF0071D45C /* CloudKit.framework in Frameworks */,
				356275CA1CBBAC1D009B8122 /* FBSDKCoreKit.framework in Frameworks */,
				356275CE1CBBB497009B8122 /* FBSDKShareKit.framework in Frameworks */,
			);
			runOnlyForDeploymentPostprocessing = 0;
		};
		354DB50C1CB7EA8400B9194B /* Frameworks */ = {
			isa = PBXFrameworksBuildPhase;
			buildActionMask = 2147483647;
			files = (
			);
			runOnlyForDeploymentPostprocessing = 0;
		};
/* End PBXFrameworksBuildPhase section */

/* Begin PBXGroup section */
		3508E2461CBFB1BF0094394D /* CoreDataClasses */ = {
			isa = PBXGroup;
			children = (
				3508E2701CBFB5BA0094394D /* CoreDataController.swift */,
				3508E2681CBFB55F0094394D /* FinishedRoom+CoreDataProperties.swift */,
				3508E2691CBFB55F0094394D /* FinishedRoom.swift */,
				3508E26A1CBFB55F0094394D /* Participant+CoreDataProperties.swift */,
				3508E26B1CBFB55F0094394D /* Participant.swift */,
			);
			name = CoreDataClasses;
			sourceTree = "<group>";
		};
		3508E2721CBFCAF00094394D /* TableViewCells */ = {
			isa = PBXGroup;
			children = (
				E100270D1CBD1C410071D45C /* RoomListCell.swift */,
				3508E2731CBFCB370094394D /* FinishedRoomCell.swift */,
				356EEB5F1CC0FD27001E23A9 /* ParticipantDebtCell.swift */,
				C772E1151CC637C400194C5C /* RoomParticipantTableViewCell.swift */,
				C74476C01CC906FE0062AC81 /* RestaurantTableViewCell.swift */,
			);
			name = TableViewCells;
			sourceTree = "<group>";
		};
		353E53161CBE4D5B00FE42F5 /* Classes */ = {
			isa = PBXGroup;
			children = (
				C7C5493E1CBD4CE30054A91E /* OscillatingRoomInfoView.swift */,
				353E53171CBE4D8400FE42F5 /* UserSettings.swift */,
				C7CD52C01CBE98C800A8CB8B /* MeatupTextField.swift */,
				C74547091CBFB8900055E9A3 /* MeatupDatePicker.swift */,
				C7F88DB61CC53115007A6038 /* NSDateFormatter+Meatup.swift */,
				357498CD1CC647710052C790 /* UIImageView+Meatup.swift */,
				C7184B711CCA2B830074BA99 /* UISearchController+Meatup.swift */,
				E18D191B1CD9FCA400763DB0 /* UserWithStatus.swift */,
			);
			name = Classes;
			sourceTree = "<group>";
		};
		354DB4EF1CB7EA8400B9194B = {
			isa = PBXGroup;
			children = (
				E10027131CBE48EF0071D45C /* CloudKit.framework */,
				354DB4FA1CB7EA8400B9194B /* mEatUp */,
				354DB5121CB7EA8400B9194B /* mEatUpTests */,
				354DB4F91CB7EA8400B9194B /* Products */,
			);
			sourceTree = "<group>";
		};
		354DB4F91CB7EA8400B9194B /* Products */ = {
			isa = PBXGroup;
			children = (
				354DB4F81CB7EA8400B9194B /* mEatUp.app */,
				354DB50F1CB7EA8400B9194B /* mEatUpTests.xctest */,
			);
			name = Products;
			sourceTree = "<group>";
		};
		354DB4FA1CB7EA8400B9194B /* mEatUp */ = {
			isa = PBXGroup;
			children = (
				354DB4FB1CB7EA8400B9194B /* AppDelegate.swift */,
				3508E2461CBFB1BF0094394D /* CoreDataClasses */,
				356275BF1CBBA621009B8122 /* Frameworks */,
				E1FB87E21CBCE9EF00273E4E /* Entitlements */,
				E1FB87C71CBCE93C00273E4E /* CloudKitClasses */,
				E1FB87C61CBCE92C00273E4E /* SupportFiles */,
				355301F81CBCF26400F23373 /* ViewControllers */,
				354DB4FF1CB7EA8400B9194B /* Main.storyboard */,
				354DB5051CB7EA8400B9194B /* Assets.xcassets */,
				354DB5071CB7EA8400B9194B /* LaunchScreen.storyboard */,
				354DB50A1CB7EA8400B9194B /* Info.plist */,
				354DB5021CB7EA8400B9194B /* mEatUp.xcdatamodeld */,
			);
			path = mEatUp;
			sourceTree = "<group>";
		};
		354DB5121CB7EA8400B9194B /* mEatUpTests */ = {
			isa = PBXGroup;
			children = (
				354DB5131CB7EA8400B9194B /* mEatUpTests.swift */,
				354DB5151CB7EA8400B9194B /* Info.plist */,
			);
			path = mEatUpTests;
			sourceTree = "<group>";
		};
		355301F81CBCF26400F23373 /* ViewControllers */ = {
			isa = PBXGroup;
			children = (
				355301F91CBCF3E200F23373 /* RoomListViewController.swift */,
				354DB4FD1CB7EA8400B9194B /* LoginViewController.swift */,
				355301FB1CBCF4CA00F23373 /* SettlementListViewController.swift */,
				C7F6B7B41CBD19E600E12B16 /* RoomViewController.swift */,
				C7CD52BE1CBE771C00A8CB8B /* RoomDetailsViewController.swift */,
				353E53191CBE67E600FE42F5 /* SettlementViewController.swift */,
				C74476BE1CC8DA880062AC81 /* RestaurantListViewController.swift */,
				C74476C21CC914000062AC81 /* RestaurantViewController.swift */,
			);
			name = ViewControllers;
			sourceTree = "<group>";
		};
		356275BF1CBBA621009B8122 /* Frameworks */ = {
			isa = PBXGroup;
			children = (
				356275CD1CBBB497009B8122 /* FBSDKShareKit.framework */,
				356275CB1CBBB492009B8122 /* FBSDKLoginKit.framework */,
				356275C91CBBAC1D009B8122 /* FBSDKCoreKit.framework */,
			);
			name = Frameworks;
			sourceTree = "<group>";
		};
		C7E38C081CBE3F5D00B79690 /* CustomViews */ = {
			isa = PBXGroup;
			children = (
				C7E38C061CBE32F200B79690 /* OscillatingRoomInfoView.xib */,
			);
			name = CustomViews;
			sourceTree = "<group>";
		};
		E1D4FE111CCE167D00C88541 /* Extensions */ = {
			isa = PBXGroup;
			children = (
				E1D4FE121CCE169400C88541 /* NSDate+CompareDates.swift */,
				E11E40471CD22BDD004137B1 /* Array+FindIndex.swift */,
			);
			name = Extensions;
			sourceTree = "<group>";
		};
		E1D814C31CC4F4B600F5A538 /* Data */ = {
			isa = PBXGroup;
			children = (
				E1D814C41CC4F4CF00F5A538 /* RoomListDataLoader.swift */,
				35CA40721CC7866200B117FB /* FinishedRoomListDataLoader.swift */,
				E121F3621CCA374700860871 /* RoomViewDataLoader.swift */,
			);
			name = Data;
			sourceTree = "<group>";
		};
		E1FB87C61CBCE92C00273E4E /* SupportFiles */ = {
			isa = PBXGroup;
			children = (
				E1D4FE111CCE167D00C88541 /* Extensions */,
				E1D814C31CC4F4B600F5A538 /* Data */,
				3508E2721CBFCAF00094394D /* TableViewCells */,
				C7E38C081CBE3F5D00B79690 /* CustomViews */,
				353E53161CBE4D5B00FE42F5 /* Classes */,
				E1FB87C91CBCE95200273E4E /* Enumerators */,
				E1FB87C81CBCE94C00273E4E /* Protocols */,
			);
			name = SupportFiles;
			sourceTree = "<group>";
		};
		E1FB87C71CBCE93C00273E4E /* CloudKitClasses */ = {
			isa = PBXGroup;
			children = (
				E1FB87D01CBCE97600273E4E /* CloudKitHelper.swift */,
				E1FB87D21CBCE98C00273E4E /* Restaurant.swift */,
				E1FB87D31CBCE98C00273E4E /* Room.swift */,
				E1FB87D41CBCE98C00273E4E /* User.swift */,
				E1FB87D51CBCE98C00273E4E /* UserInRoom.swift */,
				E12352261CCF677C009F84F8 /* Subscriptions.swift */,
			);
			name = CloudKitClasses;
			sourceTree = "<group>";
		};
		E1FB87C81CBCE94C00273E4E /* Protocols */ = {
			isa = PBXGroup;
			children = (
				E1FB87CA1CBCE96300273E4E /* CloudKitObject.swift */,
			);
			name = Protocols;
			sourceTree = "<group>";
		};
		E1FB87C91CBCE95200273E4E /* Enumerators */ = {
			isa = PBXGroup;
			children = (
				E1FB87CC1CBCE97000273E4E /* AccessType.swift */,
				357498CF1CC64B610052C790 /* BalanceIndicator.swift */,
				E1FB87CD1CBCE97000273E4E /* ConfirmationStatus.swift */,
				E1FB87DA1CBCE99B00273E4E /* RestaurantProperties.swift */,
				E1FB87DB1CBCE99B00273E4E /* RoomProperties.swift */,
				E1FB87DC1CBCE99B00273E4E /* UserInRoomProperties.swift */,
				E1FB87DD1CBCE99B00273E4E /* UserProperties.swift */,
				E1F117791CC62B7F00B36F84 /* RoomDataScopes.swift */,
				E17687CF1CC6410D00B5F115 /* RoomDetailsPurpose.swift */,
				E12D3A1E1CC8C0FF0072EC41 /* RoomViewPurpose.swift */,
				E134A87C1CC8C96C0014F251 /* RoomViewActions.swift */,
			);
			name = Enumerators;
			sourceTree = "<group>";
		};
		E1FB87E21CBCE9EF00273E4E /* Entitlements */ = {
			isa = PBXGroup;
			children = (
				E1FB87C31CBCE8BB00273E4E /* mEatUp.entitlements */,
			);
			name = Entitlements;
			sourceTree = "<group>";
		};
/* End PBXGroup section */

/* Begin PBXNativeTarget section */
		354DB4F71CB7EA8400B9194B /* mEatUp */ = {
			isa = PBXNativeTarget;
			buildConfigurationList = 354DB5181CB7EA8400B9194B /* Build configuration list for PBXNativeTarget "mEatUp" */;
			buildPhases = (
				354DB4F41CB7EA8400B9194B /* Sources */,
				354DB4F51CB7EA8400B9194B /* Frameworks */,
				354DB4F61CB7EA8400B9194B /* Resources */,
				E10027091CBD0F230071D45C /* ShellScript */,
			);
			buildRules = (
			);
			dependencies = (
			);
			name = mEatUp;
			productName = mEatUp;
			productReference = 354DB4F81CB7EA8400B9194B /* mEatUp.app */;
			productType = "com.apple.product-type.application";
		};
		354DB50E1CB7EA8400B9194B /* mEatUpTests */ = {
			isa = PBXNativeTarget;
			buildConfigurationList = 354DB51B1CB7EA8400B9194B /* Build configuration list for PBXNativeTarget "mEatUpTests" */;
			buildPhases = (
				354DB50B1CB7EA8400B9194B /* Sources */,
				354DB50C1CB7EA8400B9194B /* Frameworks */,
				354DB50D1CB7EA8400B9194B /* Resources */,
			);
			buildRules = (
			);
			dependencies = (
				354DB5111CB7EA8400B9194B /* PBXTargetDependency */,
			);
			name = mEatUpTests;
			productName = mEatUpTests;
			productReference = 354DB50F1CB7EA8400B9194B /* mEatUpTests.xctest */;
			productType = "com.apple.product-type.bundle.unit-test";
		};
/* End PBXNativeTarget section */

/* Begin PBXProject section */
		354DB4F01CB7EA8400B9194B /* Project object */ = {
			isa = PBXProject;
			attributes = {
				LastSwiftUpdateCheck = 0730;
				LastUpgradeCheck = 0730;
				ORGANIZATIONNAME = BLStream;
				TargetAttributes = {
					354DB4F71CB7EA8400B9194B = {
						CreatedOnToolsVersion = 7.3;
						DevelopmentTeam = XTRY58ZV6V;
						SystemCapabilities = {
							com.apple.BackgroundModes = {
								enabled = 0;
							};
							com.apple.Push = {
								enabled = 1;
							};
							com.apple.iCloud = {
								enabled = 1;
							};
						};
					};
					354DB50E1CB7EA8400B9194B = {
						CreatedOnToolsVersion = 7.3;
						TestTargetID = 354DB4F71CB7EA8400B9194B;
					};
				};
			};
			buildConfigurationList = 354DB4F31CB7EA8400B9194B /* Build configuration list for PBXProject "mEatUp" */;
			compatibilityVersion = "Xcode 3.2";
			developmentRegion = English;
			hasScannedForEncodings = 0;
			knownRegions = (
				en,
				Base,
			);
			mainGroup = 354DB4EF1CB7EA8400B9194B;
			productRefGroup = 354DB4F91CB7EA8400B9194B /* Products */;
			projectDirPath = "";
			projectRoot = "";
			targets = (
				354DB4F71CB7EA8400B9194B /* mEatUp */,
				354DB50E1CB7EA8400B9194B /* mEatUpTests */,
			);
		};
/* End PBXProject section */

/* Begin PBXResourcesBuildPhase section */
		354DB4F61CB7EA8400B9194B /* Resources */ = {
			isa = PBXResourcesBuildPhase;
			buildActionMask = 2147483647;
			files = (
				354DB5091CB7EA8400B9194B /* LaunchScreen.storyboard in Resources */,
				C7E38C071CBE32F200B79690 /* OscillatingRoomInfoView.xib in Resources */,
				354DB5061CB7EA8400B9194B /* Assets.xcassets in Resources */,
				354DB5011CB7EA8400B9194B /* Main.storyboard in Resources */,
			);
			runOnlyForDeploymentPostprocessing = 0;
		};
		354DB50D1CB7EA8400B9194B /* Resources */ = {
			isa = PBXResourcesBuildPhase;
			buildActionMask = 2147483647;
			files = (
			);
			runOnlyForDeploymentPostprocessing = 0;
		};
/* End PBXResourcesBuildPhase section */

/* Begin PBXShellScriptBuildPhase section */
		E10027091CBD0F230071D45C /* ShellScript */ = {
			isa = PBXShellScriptBuildPhase;
			buildActionMask = 12;
			files = (
			);
			inputPaths = (
			);
			outputPaths = (
			);
			runOnlyForDeploymentPostprocessing = 0;
			shellPath = /bin/sh;
			shellScript = "if which swiftlint >/dev/null; then\n    swiftlint\nelse\n    echo \"warning: SwiftLint not installed, download from https://github.com/realm/SwiftLint\"\nfi";
		};
/* End PBXShellScriptBuildPhase section */

/* Begin PBXSourcesBuildPhase section */
		354DB4F41CB7EA8400B9194B /* Sources */ = {
			isa = PBXSourcesBuildPhase;
			buildActionMask = 2147483647;
			files = (
				35CA40731CC7866200B117FB /* FinishedRoomListDataLoader.swift in Sources */,
				3508E26E1CBFB55F0094394D /* Participant+CoreDataProperties.swift in Sources */,
				E1FB87CE1CBCE97000273E4E /* AccessType.swift in Sources */,
				E11E40481CD22BDD004137B1 /* Array+FindIndex.swift in Sources */,
				E12D3A1F1CC8C0FF0072EC41 /* RoomViewPurpose.swift in Sources */,
				E1FB87D91CBCE98C00273E4E /* UserInRoom.swift in Sources */,
				C74476BF1CC8DA880062AC81 /* RestaurantListViewController.swift in Sources */,
				E12352271CCF677C009F84F8 /* Subscriptions.swift in Sources */,
				C772E1161CC637C400194C5C /* RoomParticipantTableViewCell.swift in Sources */,
				C7F88DB71CC53115007A6038 /* NSDateFormatter+Meatup.swift in Sources */,
				E1FB87DF1CBCE99B00273E4E /* RoomProperties.swift in Sources */,
				3508E2741CBFCB370094394D /* FinishedRoomCell.swift in Sources */,
				354DB5041CB7EA8400B9194B /* mEatUp.xcdatamodeld in Sources */,
				E1D4FE131CCE169400C88541 /* NSDate+CompareDates.swift in Sources */,
				356EEB601CC0FD27001E23A9 /* ParticipantDebtCell.swift in Sources */,
				3508E2711CBFB5BA0094394D /* CoreDataController.swift in Sources */,
				3508E26C1CBFB55F0094394D /* FinishedRoom+CoreDataProperties.swift in Sources */,
				E1FB87CB1CBCE96300273E4E /* CloudKitObject.swift in Sources */,
				C7CD52BF1CBE771C00A8CB8B /* RoomDetailsViewController.swift in Sources */,
				C7CD52C11CBE98C800A8CB8B /* MeatupTextField.swift in Sources */,
				C7C5493F1CBD4CE30054A91E /* OscillatingRoomInfoView.swift in Sources */,
				E1FB87E01CBCE99B00273E4E /* UserInRoomProperties.swift in Sources */,
				E1FB87D11CBCE97600273E4E /* CloudKitHelper.swift in Sources */,
				E18D191C1CD9FCA400763DB0 /* UserWithStatus.swift in Sources */,
				E1FB87D61CBCE98C00273E4E /* Restaurant.swift in Sources */,
				E121F3631CCA374700860871 /* RoomViewDataLoader.swift in Sources */,
				C74476C31CC914000062AC81 /* RestaurantViewController.swift in Sources */,
				E1D814C51CC4F4CF00F5A538 /* RoomListDataLoader.swift in Sources */,
				E1F1177A1CC62B7F00B36F84 /* RoomDataScopes.swift in Sources */,
				357498D01CC64B610052C790 /* BalanceIndicator.swift in Sources */,
				E1FB87D71CBCE98C00273E4E /* Room.swift in Sources */,
				C74476C11CC906FE0062AC81 /* RestaurantTableViewCell.swift in Sources */,
				353E53181CBE4D8400FE42F5 /* UserSettings.swift in Sources */,
				E1FB87DE1CBCE99B00273E4E /* RestaurantProperties.swift in Sources */,
				354DB4FE1CB7EA8400B9194B /* LoginViewController.swift in Sources */,
				355301FC1CBCF4CA00F23373 /* SettlementListViewController.swift in Sources */,
				E134A87D1CC8C96C0014F251 /* RoomViewActions.swift in Sources */,
				3508E26F1CBFB55F0094394D /* Participant.swift in Sources */,
				353E531A1CBE67E600FE42F5 /* SettlementViewController.swift in Sources */,
				E1FB87E11CBCE99B00273E4E /* UserProperties.swift in Sources */,
				E1FB87CF1CBCE97000273E4E /* ConfirmationStatus.swift in Sources */,
				E17687D01CC6410D00B5F115 /* RoomDetailsPurpose.swift in Sources */,
				C7184B721CCA2B830074BA99 /* UISearchController+Meatup.swift in Sources */,
				C745470A1CBFB8900055E9A3 /* MeatupDatePicker.swift in Sources */,
				E100270E1CBD1C410071D45C /* RoomListCell.swift in Sources */,
				E1FB87D81CBCE98C00273E4E /* User.swift in Sources */,
				3508E26D1CBFB55F0094394D /* FinishedRoom.swift in Sources */,
				C7F6B7B51CBD19E600E12B16 /* RoomViewController.swift in Sources */,
				354DB4FC1CB7EA8400B9194B /* AppDelegate.swift in Sources */,
				355301FA1CBCF3E200F23373 /* RoomListViewController.swift in Sources */,
				357498CE1CC647710052C790 /* UIImageView+Meatup.swift in Sources */,
			);
			runOnlyForDeploymentPostprocessing = 0;
		};
		354DB50B1CB7EA8400B9194B /* Sources */ = {
			isa = PBXSourcesBuildPhase;
			buildActionMask = 2147483647;
			files = (
				354DB5141CB7EA8400B9194B /* mEatUpTests.swift in Sources */,
			);
			runOnlyForDeploymentPostprocessing = 0;
		};
/* End PBXSourcesBuildPhase section */

/* Begin PBXTargetDependency section */
		354DB5111CB7EA8400B9194B /* PBXTargetDependency */ = {
			isa = PBXTargetDependency;
			target = 354DB4F71CB7EA8400B9194B /* mEatUp */;
			targetProxy = 354DB5101CB7EA8400B9194B /* PBXContainerItemProxy */;
		};
/* End PBXTargetDependency section */

/* Begin PBXVariantGroup section */
		354DB4FF1CB7EA8400B9194B /* Main.storyboard */ = {
			isa = PBXVariantGroup;
			children = (
				354DB5001CB7EA8400B9194B /* Base */,
			);
			name = Main.storyboard;
			sourceTree = "<group>";
		};
		354DB5071CB7EA8400B9194B /* LaunchScreen.storyboard */ = {
			isa = PBXVariantGroup;
			children = (
				354DB5081CB7EA8400B9194B /* Base */,
			);
			name = LaunchScreen.storyboard;
			sourceTree = "<group>";
		};
/* End PBXVariantGroup section */

/* Begin XCBuildConfiguration section */
		354DB5161CB7EA8400B9194B /* Debug */ = {
			isa = XCBuildConfiguration;
			buildSettings = {
				ALWAYS_SEARCH_USER_PATHS = NO;
				CLANG_ANALYZER_NONNULL = YES;
				CLANG_CXX_LANGUAGE_STANDARD = "gnu++0x";
				CLANG_CXX_LIBRARY = "libc++";
				CLANG_ENABLE_MODULES = YES;
				CLANG_ENABLE_OBJC_ARC = YES;
				CLANG_WARN_BOOL_CONVERSION = YES;
				CLANG_WARN_CONSTANT_CONVERSION = YES;
				CLANG_WARN_DIRECT_OBJC_ISA_USAGE = YES_ERROR;
				CLANG_WARN_EMPTY_BODY = YES;
				CLANG_WARN_ENUM_CONVERSION = YES;
				CLANG_WARN_INT_CONVERSION = YES;
				CLANG_WARN_OBJC_ROOT_CLASS = YES_ERROR;
				CLANG_WARN_UNREACHABLE_CODE = YES;
				CLANG_WARN__DUPLICATE_METHOD_MATCH = YES;
				"CODE_SIGN_IDENTITY[sdk=iphoneos*]" = "iPhone Developer";
				COPY_PHASE_STRIP = NO;
				DEBUG_INFORMATION_FORMAT = dwarf;
				ENABLE_STRICT_OBJC_MSGSEND = YES;
				ENABLE_TESTABILITY = YES;
				GCC_C_LANGUAGE_STANDARD = gnu99;
				GCC_DYNAMIC_NO_PIC = NO;
				GCC_NO_COMMON_BLOCKS = YES;
				GCC_OPTIMIZATION_LEVEL = 0;
				GCC_PREPROCESSOR_DEFINITIONS = (
					"DEBUG=1",
					"$(inherited)",
				);
				GCC_WARN_64_TO_32_BIT_CONVERSION = YES;
				GCC_WARN_ABOUT_RETURN_TYPE = YES_ERROR;
				GCC_WARN_UNDECLARED_SELECTOR = YES;
				GCC_WARN_UNINITIALIZED_AUTOS = YES_AGGRESSIVE;
				GCC_WARN_UNUSED_FUNCTION = YES;
				GCC_WARN_UNUSED_VARIABLE = YES;
				IPHONEOS_DEPLOYMENT_TARGET = 9.3;
				MTL_ENABLE_DEBUG_INFO = YES;
				ONLY_ACTIVE_ARCH = YES;
				SDKROOT = iphoneos;
				SWIFT_OPTIMIZATION_LEVEL = "-Onone";
				TARGETED_DEVICE_FAMILY = "1,2";
			};
			name = Debug;
		};
		354DB5171CB7EA8400B9194B /* Release */ = {
			isa = XCBuildConfiguration;
			buildSettings = {
				ALWAYS_SEARCH_USER_PATHS = NO;
				CLANG_ANALYZER_NONNULL = YES;
				CLANG_CXX_LANGUAGE_STANDARD = "gnu++0x";
				CLANG_CXX_LIBRARY = "libc++";
				CLANG_ENABLE_MODULES = YES;
				CLANG_ENABLE_OBJC_ARC = YES;
				CLANG_WARN_BOOL_CONVERSION = YES;
				CLANG_WARN_CONSTANT_CONVERSION = YES;
				CLANG_WARN_DIRECT_OBJC_ISA_USAGE = YES_ERROR;
				CLANG_WARN_EMPTY_BODY = YES;
				CLANG_WARN_ENUM_CONVERSION = YES;
				CLANG_WARN_INT_CONVERSION = YES;
				CLANG_WARN_OBJC_ROOT_CLASS = YES_ERROR;
				CLANG_WARN_UNREACHABLE_CODE = YES;
				CLANG_WARN__DUPLICATE_METHOD_MATCH = YES;
				"CODE_SIGN_IDENTITY[sdk=iphoneos*]" = "iPhone Developer";
				COPY_PHASE_STRIP = NO;
				DEBUG_INFORMATION_FORMAT = "dwarf-with-dsym";
				ENABLE_NS_ASSERTIONS = NO;
				ENABLE_STRICT_OBJC_MSGSEND = YES;
				GCC_C_LANGUAGE_STANDARD = gnu99;
				GCC_NO_COMMON_BLOCKS = YES;
				GCC_WARN_64_TO_32_BIT_CONVERSION = YES;
				GCC_WARN_ABOUT_RETURN_TYPE = YES_ERROR;
				GCC_WARN_UNDECLARED_SELECTOR = YES;
				GCC_WARN_UNINITIALIZED_AUTOS = YES_AGGRESSIVE;
				GCC_WARN_UNUSED_FUNCTION = YES;
				GCC_WARN_UNUSED_VARIABLE = YES;
				IPHONEOS_DEPLOYMENT_TARGET = 9.3;
				MTL_ENABLE_DEBUG_INFO = NO;
				SDKROOT = iphoneos;
				TARGETED_DEVICE_FAMILY = "1,2";
				VALIDATE_PRODUCT = YES;
			};
			name = Release;
		};
		354DB5191CB7EA8400B9194B /* Debug */ = {
			isa = XCBuildConfiguration;
			buildSettings = {
				ASSETCATALOG_COMPILER_APPICON_NAME = AppIcon;
				CLANG_ENABLE_MODULES = YES;
				CODE_SIGN_ENTITLEMENTS = mEatUp/mEatUp.entitlements;
				CODE_SIGN_IDENTITY = "iPhone Developer";
				"CODE_SIGN_IDENTITY[sdk=iphoneos*]" = "iPhone Developer";
				FRAMEWORK_SEARCH_PATHS = (
					"$(inherited)",
					"$(PROJECT_DIR)/mEatUp",
				);
				INFOPLIST_FILE = mEatUp/Info.plist;
				LD_RUNPATH_SEARCH_PATHS = "$(inherited) @executable_path/Frameworks";
				PRODUCT_BUNDLE_IDENTIFIER = com.blstream.mEatUp;
				PRODUCT_NAME = "$(TARGET_NAME)";
				PROVISIONING_PROFILE = "";
				SWIFT_OPTIMIZATION_LEVEL = "-Onone";
			};
			name = Debug;
		};
		354DB51A1CB7EA8400B9194B /* Release */ = {
			isa = XCBuildConfiguration;
			buildSettings = {
				ASSETCATALOG_COMPILER_APPICON_NAME = AppIcon;
				CLANG_ENABLE_MODULES = YES;
				CODE_SIGN_ENTITLEMENTS = mEatUp/mEatUp.entitlements;
				CODE_SIGN_IDENTITY = "iPhone Developer";
				"CODE_SIGN_IDENTITY[sdk=iphoneos*]" = "iPhone Developer";
				FRAMEWORK_SEARCH_PATHS = (
					"$(inherited)",
					"$(PROJECT_DIR)/mEatUp",
				);
				INFOPLIST_FILE = mEatUp/Info.plist;
				LD_RUNPATH_SEARCH_PATHS = "$(inherited) @executable_path/Frameworks";
				PRODUCT_BUNDLE_IDENTIFIER = com.blstream.mEatUp;
				PRODUCT_NAME = "$(TARGET_NAME)";
				PROVISIONING_PROFILE = "";
			};
			name = Release;
		};
		354DB51C1CB7EA8400B9194B /* Debug */ = {
			isa = XCBuildConfiguration;
			buildSettings = {
				BUNDLE_LOADER = "$(TEST_HOST)";
				INFOPLIST_FILE = mEatUpTests/Info.plist;
				LD_RUNPATH_SEARCH_PATHS = "$(inherited) @executable_path/Frameworks @loader_path/Frameworks";
				PRODUCT_BUNDLE_IDENTIFIER = com.blstream.mEatUpTests;
				PRODUCT_NAME = "$(TARGET_NAME)";
				TEST_HOST = "$(BUILT_PRODUCTS_DIR)/mEatUp.app/mEatUp";
			};
			name = Debug;
		};
		354DB51D1CB7EA8400B9194B /* Release */ = {
			isa = XCBuildConfiguration;
			buildSettings = {
				BUNDLE_LOADER = "$(TEST_HOST)";
				INFOPLIST_FILE = mEatUpTests/Info.plist;
				LD_RUNPATH_SEARCH_PATHS = "$(inherited) @executable_path/Frameworks @loader_path/Frameworks";
				PRODUCT_BUNDLE_IDENTIFIER = com.blstream.mEatUpTests;
				PRODUCT_NAME = "$(TARGET_NAME)";
				TEST_HOST = "$(BUILT_PRODUCTS_DIR)/mEatUp.app/mEatUp";
			};
			name = Release;
		};
/* End XCBuildConfiguration section */

/* Begin XCConfigurationList section */
		354DB4F31CB7EA8400B9194B /* Build configuration list for PBXProject "mEatUp" */ = {
			isa = XCConfigurationList;
			buildConfigurations = (
				354DB5161CB7EA8400B9194B /* Debug */,
				354DB5171CB7EA8400B9194B /* Release */,
			);
			defaultConfigurationIsVisible = 0;
			defaultConfigurationName = Release;
		};
		354DB5181CB7EA8400B9194B /* Build configuration list for PBXNativeTarget "mEatUp" */ = {
			isa = XCConfigurationList;
			buildConfigurations = (
				354DB5191CB7EA8400B9194B /* Debug */,
				354DB51A1CB7EA8400B9194B /* Release */,
			);
			defaultConfigurationIsVisible = 0;
			defaultConfigurationName = Release;
		};
		354DB51B1CB7EA8400B9194B /* Build configuration list for PBXNativeTarget "mEatUpTests" */ = {
			isa = XCConfigurationList;
			buildConfigurations = (
				354DB51C1CB7EA8400B9194B /* Debug */,
				354DB51D1CB7EA8400B9194B /* Release */,
			);
			defaultConfigurationIsVisible = 0;
			defaultConfigurationName = Release;
		};
/* End XCConfigurationList section */

/* Begin XCVersionGroup section */
		354DB5021CB7EA8400B9194B /* mEatUp.xcdatamodeld */ = {
			isa = XCVersionGroup;
			children = (
				354DB5031CB7EA8400B9194B /* mEatUp.xcdatamodel */,
			);
			currentVersion = 354DB5031CB7EA8400B9194B /* mEatUp.xcdatamodel */;
			path = mEatUp.xcdatamodeld;
			sourceTree = "<group>";
			versionGroupType = wrapper.xcdatamodel;
		};
/* End XCVersionGroup section */
	};
	rootObject = 354DB4F01CB7EA8400B9194B /* Project object */;
}
